
Microsoft Visual Studio Solution File, Format Version 12.00
# Visual Studio Version 16
VisualStudioVersion = 16.0.32002.261
MinimumVisualStudioVersion = 10.0.40219.1
Project("{9A19103F-16F7-4668-BE54-9A1E7A4F7556}") = "Wissance.MossbauerLab.Watcher.Web", "Wissance.MossbauerLab.Watcher.Web\Wissance.MossbauerLab.Watcher.Web.csproj", "{11F80701-895A-4C18-BCD7-9FCDA2775AE2}"
EndProject
Project("{9A19103F-16F7-4668-BE54-9A1E7A4F7556}") = "Wissance.MossbauerLab.Watcher.Data", "Wissance.MossbauerLab.Watcher.Data\Wissance.MossbauerLab.Watcher.Data.csproj", "{8176CF7C-40E0-4747-846C-4E5A88F7DAD4}"
EndProject
Project("{9A19103F-16F7-4668-BE54-9A1E7A4F7556}") = "Wissance.MossbauerLab.Watcher.Services", "Wissance.MossbauerLab.Watcher.Services\Wissance.MossbauerLab.Watcher.Services.csproj", "{AA06BF98-F994-4F08-B2BC-3BA9D8995246}"
EndProject
Project("{9A19103F-16F7-4668-BE54-9A1E7A4F7556}") = "Wissance.MossbauerLab.Watcher.Common", "Wissance.MossbauerLab.Watcher.Common\Wissance.MossbauerLab.Watcher.Common.csproj", "{94124351-8907-45B4-B22B-D2537C656798}"
EndProject
Project("{9A19103F-16F7-4668-BE54-9A1E7A4F7556}") = "Wissance.MossbauerLab.Watcher.Services.Tests", "Wissance.MossbauerLab.Watcher.Tests\Wissance.MossbauerLab.Watcher.Services.Tests.csproj", "{26A8E4AC-4E00-4AAC-B4CC-7F4566BCA999}"
EndProject
Global
	GlobalSection(SolutionConfigurationPlatforms) = preSolution
		Debug|Any CPU = Debug|Any CPU
		Release|Any CPU = Release|Any CPU
	EndGlobalSection
	GlobalSection(ProjectConfigurationPlatforms) = postSolution
		{11F80701-895A-4C18-BCD7-9FCDA2775AE2}.Debug|Any CPU.ActiveCfg = Debug|Any CPU
		{11F80701-895A-4C18-BCD7-9FCDA2775AE2}.Debug|Any CPU.Build.0 = Debug|Any CPU
		{11F80701-895A-4C18-BCD7-9FCDA2775AE2}.Release|Any CPU.ActiveCfg = Release|Any CPU
		{11F80701-895A-4C18-BCD7-9FCDA2775AE2}.Release|Any CPU.Build.0 = Release|Any CPU
		{8176CF7C-40E0-4747-846C-4E5A88F7DAD4}.Debug|Any CPU.ActiveCfg = Debug|Any CPU
		{8176CF7C-40E0-4747-846C-4E5A88F7DAD4}.Debug|Any CPU.Build.0 = Debug|Any CPU
		{8176CF7C-40E0-4747-846C-4E5A88F7DAD4}.Release|Any CPU.ActiveCfg = Release|Any CPU
		{8176CF7C-40E0-4747-846C-4E5A88F7DAD4}.Release|Any CPU.Build.0 = Release|Any CPU
		{AA06BF98-F994-4F08-B2BC-3BA9D8995246}.Debug|Any CPU.ActiveCfg = Debug|Any CPU
		{AA06BF98-F994-4F08-B2BC-3BA9D8995246}.Debug|Any CPU.Build.0 = Debug|Any CPU
		{AA06BF98-F994-4F08-B2BC-3BA9D8995246}.Release|Any CPU.ActiveCfg = Release|Any CPU
		{AA06BF98-F994-4F08-B2BC-3BA9D8995246}.Release|Any CPU.Build.0 = Release|Any CPU
		{94124351-8907-45B4-B22B-D2537C656798}.Debug|Any CPU.ActiveCfg = Debug|Any CPU
		{94124351-8907-45B4-B22B-D2537C656798}.Debug|Any CPU.Build.0 = Debug|Any CPU
		{94124351-8907-45B4-B22B-D2537C656798}.Release|Any CPU.ActiveCfg = Release|Any CPU
		{94124351-8907-45B4-B22B-D2537C656798}.Release|Any CPU.Build.0 = Release|Any CPU
		{26A8E4AC-4E00-4AAC-B4CC-7F4566BCA999}.Debug|Any CPU.ActiveCfg = Debug|Any CPU
		{26A8E4AC-4E00-4AAC-B4CC-7F4566BCA999}.Debug|Any CPU.Build.0 = Debug|Any CPU
		{26A8E4AC-4E00-4AAC-B4CC-7F4566BCA999}.Release|Any CPU.ActiveCfg = Release|Any CPU
		{26A8E4AC-4E00-4AAC-B4CC-7F4566BCA999}.Release|Any CPU.Build.0 = Release|Any CPU
	EndGlobalSection
	GlobalSection(SolutionProperties) = preSolution
		HideSolutionNode = FALSE
	EndGlobalSection
	GlobalSection(ExtensibilityGlobals) = postSolution
		SolutionGuid = {4262EFA8-2262-4B96-9112-6D06D2DF3581}
	EndGlobalSection
EndGlobal
